
Microsoft Visual Studio Solution File, Format Version 12.00
# Visual Studio Version 16
VisualStudioVersion = 16.0.30225.117
MinimumVisualStudioVersion = 10.0.40219.1
Project("{9A19103F-16F7-4668-BE54-9A1E7A4F7556}") = "Glacie.Data.Arz", "Glacie.Data.Arz\Glacie.Data.Arz.csproj", "{FE84F1A3-DCCB-480A-88A7-0F18E9BC534B}"
EndProject
Project("{2150E333-8FDC-42A3-9474-1A3956D46DE8}") = "ARZ", "ARZ", "{0B485C34-2E9F-40C6-94AA-07DB7CA63876}"
EndProject
Project("{9A19103F-16F7-4668-BE54-9A1E7A4F7556}") = "Glacie.Data.Arz.Tests", "Glacie.Data.Arz.Tests\Glacie.Data.Arz.Tests.csproj", "{FAE053A0-ADE0-4441-A68F-DE5030FED1EE}"
EndProject
Project("{9A19103F-16F7-4668-BE54-9A1E7A4F7556}") = "Glacie.Core", "Glacie.Core\Glacie.Core.csproj", "{D9699B7B-A951-4F44-A253-AFEA55F6F0E5}"
EndProject
Project("{2150E333-8FDC-42A3-9474-1A3956D46DE8}") = "TPL", "TPL", "{CCD077AA-408B-4F1B-B95D-03C57F42383C}"
EndProject
Project("{2150E333-8FDC-42A3-9474-1A3956D46DE8}") = "ARC", "ARC", "{7770329A-A761-4FF5-AC0B-3E079759B003}"
EndProject
Project("{9A19103F-16F7-4668-BE54-9A1E7A4F7556}") = "Glacie", "Glacie\Glacie.csproj", "{A0F6AE85-1F54-454D-83CC-0064936DD1E0}"
EndProject
Project("{2150E333-8FDC-42A3-9474-1A3956D46DE8}") = "Compression", "Compression", "{3333B289-AC1A-4D17-A764-E735009EA18D}"
EndProject
Project("{9A19103F-16F7-4668-BE54-9A1E7A4F7556}") = "Glacie.Data.Compression", "Glacie.Data.Compression\Glacie.Data.Compression.csproj", "{B29475AD-9BC3-438E-9A82-A34049B1BD0D}"
EndProject
Project("{9A19103F-16F7-4668-BE54-9A1E7A4F7556}") = "Glacie.Private.Core", "Glacie.Private.Core\Glacie.Private.Core.csproj", "{F06116A3-3B92-45AC-90E9-A486DEFE32C8}"
EndProject
Project("{9A19103F-16F7-4668-BE54-9A1E7A4F7556}") = "Glacie.Tests", "Glacie.Tests\Glacie.Tests.csproj", "{E30837B4-303A-4C1C-A16D-8D49BBEFB05D}"
EndProject
Project("{2150E333-8FDC-42A3-9474-1A3956D46DE8}") = "Core", "Core", "{769D00BF-C35C-4FDD-8D0B-572F1FCBC9CA}"
EndProject
Project("{9A19103F-16F7-4668-BE54-9A1E7A4F7556}") = "Glacie.Core.Tests", "Glacie.Core.Tests\Glacie.Core.Tests.csproj", "{0A4DC879-04E3-434B-A1DE-90B699A8B46C}"
EndProject
Project("{9A19103F-16F7-4668-BE54-9A1E7A4F7556}") = "Glacie.All", "Glacie.All\Glacie.All.csproj", "{DDF9318D-FFDD-45FC-8203-44F6821D5A11}"
EndProject
Project("{2150E333-8FDC-42A3-9474-1A3956D46DE8}") = "Packaging", "Packaging", "{5B7A7FDB-CED1-48D5-8E3C-94F58E68D870}"
EndProject
Project("{9A19103F-16F7-4668-BE54-9A1E7A4F7556}") = "Glacie.Data.Arc", "Glacie.Data.Arc\Glacie.Data.Arc.csproj", "{AB14654A-C60B-4B63-A6FB-19B2F983C015}"
EndProject
Project("{9A19103F-16F7-4668-BE54-9A1E7A4F7556}") = "Glacie.Data.Arc.Tests", "Glacie.Data.Arc.Tests\Glacie.Data.Arc.Tests.csproj", "{A11D5C93-DBC4-4E02-B51C-20CB1296C6D9}"
EndProject
Project("{9A19103F-16F7-4668-BE54-9A1E7A4F7556}") = "Glacie.Testing", "Glacie.Testing\Glacie.Testing.csproj", "{3F94FBA9-4979-4000-BE12-AAD59CDDF34B}"
EndProject
Project("{9A19103F-16F7-4668-BE54-9A1E7A4F7556}") = "Glacie.Data.Arc.Tests.Validation", "Glacie.Data.Arc.Tests.Validation\Glacie.Data.Arc.Tests.Validation.csproj", "{2EC83110-994D-4D92-A85E-D2CCB4D4A118}"
EndProject
Project("{9A19103F-16F7-4668-BE54-9A1E7A4F7556}") = "Glacie.CommandLine", "Glacie.CommandLine\Glacie.CommandLine.csproj", "{9DFCA1EF-C4AE-4124-AD8C-7772E899ED9C}"
EndProject
Project("{9A19103F-16F7-4668-BE54-9A1E7A4F7556}") = "Glacie.CommandLine.Samples", "Glacie.CommandLine.Samples\Glacie.CommandLine.Samples.csproj", "{581AEAB1-F3BF-4FEA-986A-C89C46D49C65}"
EndProject
Project("{2150E333-8FDC-42A3-9474-1A3956D46DE8}") = "Cli", "Cli", "{3475FEE3-4673-4897-A4B8-B88BCF5042F1}"
EndProject
Project("{9A19103F-16F7-4668-BE54-9A1E7A4F7556}") = "Glacie.Cli.Core", "Cli\Glacie.Cli.Core\Glacie.Cli.Core.csproj", "{B4635ACE-21E6-446D-80B3-30F8EEE4E217}"
EndProject
Project("{9A19103F-16F7-4668-BE54-9A1E7A4F7556}") = "gx-arc", "Cli\gx-arc\gx-arc.csproj", "{A5C8250D-F0EF-481F-80F1-761F24F1DC22}"
EndProject
Project("{9A19103F-16F7-4668-BE54-9A1E7A4F7556}") = "gx-arz", "Cli\gx-arz\gx-arz.csproj", "{F4594C14-1B3F-48C6-BB2A-182C05693922}"
EndProject
Project("{2150E333-8FDC-42A3-9474-1A3956D46DE8}") = "CommandLine", "CommandLine", "{050F9521-31EE-45EA-B972-E9EE41B8378E}"
EndProject
Project("{9A19103F-16F7-4668-BE54-9A1E7A4F7556}") = "Glacie.Logging", "Glacie.Logging\Glacie.Logging.csproj", "{C4A065BD-E0C2-4171-B9BC-8E53AD7AC4A9}"
EndProject
Project("{9A19103F-16F7-4668-BE54-9A1E7A4F7556}") = "Glacie.Diagnostics", "Glacie.Diagnostics\Glacie.Diagnostics.csproj", "{C42E400D-2B9F-41A9-9E02-1123D89E9C0F}"
EndProject
Global
	GlobalSection(SolutionConfigurationPlatforms) = preSolution
		Debug|Any CPU = Debug|Any CPU
		Release|Any CPU = Release|Any CPU
	EndGlobalSection
	GlobalSection(ProjectConfigurationPlatforms) = postSolution
		{FE84F1A3-DCCB-480A-88A7-0F18E9BC534B}.Debug|Any CPU.ActiveCfg = Debug|Any CPU
		{FE84F1A3-DCCB-480A-88A7-0F18E9BC534B}.Debug|Any CPU.Build.0 = Debug|Any CPU
		{FE84F1A3-DCCB-480A-88A7-0F18E9BC534B}.Release|Any CPU.ActiveCfg = Release|Any CPU
		{FE84F1A3-DCCB-480A-88A7-0F18E9BC534B}.Release|Any CPU.Build.0 = Release|Any CPU
		{FAE053A0-ADE0-4441-A68F-DE5030FED1EE}.Debug|Any CPU.ActiveCfg = Debug|Any CPU
		{FAE053A0-ADE0-4441-A68F-DE5030FED1EE}.Debug|Any CPU.Build.0 = Debug|Any CPU
		{FAE053A0-ADE0-4441-A68F-DE5030FED1EE}.Release|Any CPU.ActiveCfg = Release|Any CPU
		{FAE053A0-ADE0-4441-A68F-DE5030FED1EE}.Release|Any CPU.Build.0 = Release|Any CPU
		{D9699B7B-A951-4F44-A253-AFEA55F6F0E5}.Debug|Any CPU.ActiveCfg = Debug|Any CPU
		{D9699B7B-A951-4F44-A253-AFEA55F6F0E5}.Debug|Any CPU.Build.0 = Debug|Any CPU
		{D9699B7B-A951-4F44-A253-AFEA55F6F0E5}.Release|Any CPU.ActiveCfg = Release|Any CPU
		{D9699B7B-A951-4F44-A253-AFEA55F6F0E5}.Release|Any CPU.Build.0 = Release|Any CPU
		{A0F6AE85-1F54-454D-83CC-0064936DD1E0}.Debug|Any CPU.ActiveCfg = Debug|Any CPU
		{A0F6AE85-1F54-454D-83CC-0064936DD1E0}.Debug|Any CPU.Build.0 = Debug|Any CPU
		{A0F6AE85-1F54-454D-83CC-0064936DD1E0}.Release|Any CPU.ActiveCfg = Release|Any CPU
		{A0F6AE85-1F54-454D-83CC-0064936DD1E0}.Release|Any CPU.Build.0 = Release|Any CPU
		{B29475AD-9BC3-438E-9A82-A34049B1BD0D}.Debug|Any CPU.ActiveCfg = Debug|Any CPU
		{B29475AD-9BC3-438E-9A82-A34049B1BD0D}.Debug|Any CPU.Build.0 = Debug|Any CPU
		{B29475AD-9BC3-438E-9A82-A34049B1BD0D}.Release|Any CPU.ActiveCfg = Release|Any CPU
		{B29475AD-9BC3-438E-9A82-A34049B1BD0D}.Release|Any CPU.Build.0 = Release|Any CPU
		{F06116A3-3B92-45AC-90E9-A486DEFE32C8}.Debug|Any CPU.ActiveCfg = Debug|Any CPU
		{F06116A3-3B92-45AC-90E9-A486DEFE32C8}.Debug|Any CPU.Build.0 = Debug|Any CPU
		{F06116A3-3B92-45AC-90E9-A486DEFE32C8}.Release|Any CPU.ActiveCfg = Release|Any CPU
		{F06116A3-3B92-45AC-90E9-A486DEFE32C8}.Release|Any CPU.Build.0 = Release|Any CPU
		{E30837B4-303A-4C1C-A16D-8D49BBEFB05D}.Debug|Any CPU.ActiveCfg = Debug|Any CPU
		{E30837B4-303A-4C1C-A16D-8D49BBEFB05D}.Debug|Any CPU.Build.0 = Debug|Any CPU
		{E30837B4-303A-4C1C-A16D-8D49BBEFB05D}.Release|Any CPU.ActiveCfg = Release|Any CPU
		{E30837B4-303A-4C1C-A16D-8D49BBEFB05D}.Release|Any CPU.Build.0 = Release|Any CPU
		{0A4DC879-04E3-434B-A1DE-90B699A8B46C}.Debug|Any CPU.ActiveCfg = Debug|Any CPU
		{0A4DC879-04E3-434B-A1DE-90B699A8B46C}.Debug|Any CPU.Build.0 = Debug|Any CPU
		{0A4DC879-04E3-434B-A1DE-90B699A8B46C}.Release|Any CPU.ActiveCfg = Release|Any CPU
		{0A4DC879-04E3-434B-A1DE-90B699A8B46C}.Release|Any CPU.Build.0 = Release|Any CPU
		{DDF9318D-FFDD-45FC-8203-44F6821D5A11}.Debug|Any CPU.ActiveCfg = Debug|Any CPU
		{DDF9318D-FFDD-45FC-8203-44F6821D5A11}.Debug|Any CPU.Build.0 = Debug|Any CPU
		{DDF9318D-FFDD-45FC-8203-44F6821D5A11}.Release|Any CPU.ActiveCfg = Release|Any CPU
		{DDF9318D-FFDD-45FC-8203-44F6821D5A11}.Release|Any CPU.Build.0 = Release|Any CPU
		{AB14654A-C60B-4B63-A6FB-19B2F983C015}.Debug|Any CPU.ActiveCfg = Debug|Any CPU
		{AB14654A-C60B-4B63-A6FB-19B2F983C015}.Debug|Any CPU.Build.0 = Debug|Any CPU
		{AB14654A-C60B-4B63-A6FB-19B2F983C015}.Release|Any CPU.ActiveCfg = Release|Any CPU
		{AB14654A-C60B-4B63-A6FB-19B2F983C015}.Release|Any CPU.Build.0 = Release|Any CPU
		{A11D5C93-DBC4-4E02-B51C-20CB1296C6D9}.Debug|Any CPU.ActiveCfg = Debug|Any CPU
		{A11D5C93-DBC4-4E02-B51C-20CB1296C6D9}.Debug|Any CPU.Build.0 = Debug|Any CPU
		{A11D5C93-DBC4-4E02-B51C-20CB1296C6D9}.Release|Any CPU.ActiveCfg = Release|Any CPU
		{A11D5C93-DBC4-4E02-B51C-20CB1296C6D9}.Release|Any CPU.Build.0 = Release|Any CPU
		{3F94FBA9-4979-4000-BE12-AAD59CDDF34B}.Debug|Any CPU.ActiveCfg = Debug|Any CPU
		{3F94FBA9-4979-4000-BE12-AAD59CDDF34B}.Debug|Any CPU.Build.0 = Debug|Any CPU
		{3F94FBA9-4979-4000-BE12-AAD59CDDF34B}.Release|Any CPU.ActiveCfg = Release|Any CPU
		{3F94FBA9-4979-4000-BE12-AAD59CDDF34B}.Release|Any CPU.Build.0 = Release|Any CPU
		{2EC83110-994D-4D92-A85E-D2CCB4D4A118}.Debug|Any CPU.ActiveCfg = Debug|Any CPU
		{2EC83110-994D-4D92-A85E-D2CCB4D4A118}.Debug|Any CPU.Build.0 = Debug|Any CPU
		{2EC83110-994D-4D92-A85E-D2CCB4D4A118}.Release|Any CPU.ActiveCfg = Release|Any CPU
		{2EC83110-994D-4D92-A85E-D2CCB4D4A118}.Release|Any CPU.Build.0 = Release|Any CPU
		{9DFCA1EF-C4AE-4124-AD8C-7772E899ED9C}.Debug|Any CPU.ActiveCfg = Debug|Any CPU
		{9DFCA1EF-C4AE-4124-AD8C-7772E899ED9C}.Debug|Any CPU.Build.0 = Debug|Any CPU
		{9DFCA1EF-C4AE-4124-AD8C-7772E899ED9C}.Release|Any CPU.ActiveCfg = Release|Any CPU
		{9DFCA1EF-C4AE-4124-AD8C-7772E899ED9C}.Release|Any CPU.Build.0 = Release|Any CPU
		{581AEAB1-F3BF-4FEA-986A-C89C46D49C65}.Debug|Any CPU.ActiveCfg = Debug|Any CPU
		{581AEAB1-F3BF-4FEA-986A-C89C46D49C65}.Debug|Any CPU.Build.0 = Debug|Any CPU
		{581AEAB1-F3BF-4FEA-986A-C89C46D49C65}.Release|Any CPU.ActiveCfg = Release|Any CPU
		{581AEAB1-F3BF-4FEA-986A-C89C46D49C65}.Release|Any CPU.Build.0 = Release|Any CPU
		{B4635ACE-21E6-446D-80B3-30F8EEE4E217}.Debug|Any CPU.ActiveCfg = Debug|Any CPU
		{B4635ACE-21E6-446D-80B3-30F8EEE4E217}.Debug|Any CPU.Build.0 = Debug|Any CPU
		{B4635ACE-21E6-446D-80B3-30F8EEE4E217}.Release|Any CPU.ActiveCfg = Release|Any CPU
		{B4635ACE-21E6-446D-80B3-30F8EEE4E217}.Release|Any CPU.Build.0 = Release|Any CPU
		{A5C8250D-F0EF-481F-80F1-761F24F1DC22}.Debug|Any CPU.ActiveCfg = Debug|Any CPU
		{A5C8250D-F0EF-481F-80F1-761F24F1DC22}.Debug|Any CPU.Build.0 = Debug|Any CPU
		{A5C8250D-F0EF-481F-80F1-761F24F1DC22}.Release|Any CPU.ActiveCfg = Release|Any CPU
		{A5C8250D-F0EF-481F-80F1-761F24F1DC22}.Release|Any CPU.Build.0 = Release|Any CPU
		{F4594C14-1B3F-48C6-BB2A-182C05693922}.Debug|Any CPU.ActiveCfg = Debug|Any CPU
		{F4594C14-1B3F-48C6-BB2A-182C05693922}.Debug|Any CPU.Build.0 = Debug|Any CPU
		{F4594C14-1B3F-48C6-BB2A-182C05693922}.Release|Any CPU.ActiveCfg = Release|Any CPU
		{F4594C14-1B3F-48C6-BB2A-182C05693922}.Release|Any CPU.Build.0 = Release|Any CPU
		{C4A065BD-E0C2-4171-B9BC-8E53AD7AC4A9}.Debug|Any CPU.ActiveCfg = Debug|Any CPU
		{C4A065BD-E0C2-4171-B9BC-8E53AD7AC4A9}.Debug|Any CPU.Build.0 = Debug|Any CPU
		{C4A065BD-E0C2-4171-B9BC-8E53AD7AC4A9}.Release|Any CPU.ActiveCfg = Release|Any CPU
		{C4A065BD-E0C2-4171-B9BC-8E53AD7AC4A9}.Release|Any CPU.Build.0 = Release|Any CPU
		{C42E400D-2B9F-41A9-9E02-1123D89E9C0F}.Debug|Any CPU.ActiveCfg = Debug|Any CPU
		{C42E400D-2B9F-41A9-9E02-1123D89E9C0F}.Debug|Any CPU.Build.0 = Debug|Any CPU
		{C42E400D-2B9F-41A9-9E02-1123D89E9C0F}.Release|Any CPU.ActiveCfg = Release|Any CPU
		{C42E400D-2B9F-41A9-9E02-1123D89E9C0F}.Release|Any CPU.Build.0 = Release|Any CPU
	EndGlobalSection
	GlobalSection(SolutionProperties) = preSolution
		HideSolutionNode = FALSE
	EndGlobalSection
	GlobalSection(NestedProjects) = preSolution
		{FE84F1A3-DCCB-480A-88A7-0F18E9BC534B} = {0B485C34-2E9F-40C6-94AA-07DB7CA63876}
		{FAE053A0-ADE0-4441-A68F-DE5030FED1EE} = {0B485C34-2E9F-40C6-94AA-07DB7CA63876}
		{D9699B7B-A951-4F44-A253-AFEA55F6F0E5} = {769D00BF-C35C-4FDD-8D0B-572F1FCBC9CA}
		{B29475AD-9BC3-438E-9A82-A34049B1BD0D} = {3333B289-AC1A-4D17-A764-E735009EA18D}
		{F06116A3-3B92-45AC-90E9-A486DEFE32C8} = {769D00BF-C35C-4FDD-8D0B-572F1FCBC9CA}
		{0A4DC879-04E3-434B-A1DE-90B699A8B46C} = {769D00BF-C35C-4FDD-8D0B-572F1FCBC9CA}
		{DDF9318D-FFDD-45FC-8203-44F6821D5A11} = {5B7A7FDB-CED1-48D5-8E3C-94F58E68D870}
		{AB14654A-C60B-4B63-A6FB-19B2F983C015} = {7770329A-A761-4FF5-AC0B-3E079759B003}
		{A11D5C93-DBC4-4E02-B51C-20CB1296C6D9} = {7770329A-A761-4FF5-AC0B-3E079759B003}
		{2EC83110-994D-4D92-A85E-D2CCB4D4A118} = {7770329A-A761-4FF5-AC0B-3E079759B003}
		{9DFCA1EF-C4AE-4124-AD8C-7772E899ED9C} = {050F9521-31EE-45EA-B972-E9EE41B8378E}
		{581AEAB1-F3BF-4FEA-986A-C89C46D49C65} = {050F9521-31EE-45EA-B972-E9EE41B8378E}
		{B4635ACE-21E6-446D-80B3-30F8EEE4E217} = {3475FEE3-4673-4897-A4B8-B88BCF5042F1}
		{A5C8250D-F0EF-481F-80F1-761F24F1DC22} = {3475FEE3-4673-4897-A4B8-B88BCF5042F1}
		{F4594C14-1B3F-48C6-BB2A-182C05693922} = {3475FEE3-4673-4897-A4B8-B88BCF5042F1}
		{C4A065BD-E0C2-4171-B9BC-8E53AD7AC4A9} = {769D00BF-C35C-4FDD-8D0B-572F1FCBC9CA}
		{C42E400D-2B9F-41A9-9E02-1123D89E9C0F} = {769D00BF-C35C-4FDD-8D0B-572F1FCBC9CA}
	EndGlobalSection
	GlobalSection(ExtensibilityGlobals) = postSolution
		SolutionGuid = {3E7CFB90-14DC-45ED-9939-E397128B17AF}
	EndGlobalSection
EndGlobal
